// !$*UTF8*$!
{
	archiveVersion = 1;
	classes = {
	};
	objectVersion = 50;
	objects = {

/* Begin PBXBuildFile section */
		60BF42B5232EF916000892EC /* RatingControl.swift in Sources */ = {isa = PBXBuildFile; fileRef = 60BF42B4232EF916000892EC /* RatingControl.swift */; };
		60CE896C2316CEF200D0F88E /* AppDelegate.swift in Sources */ = {isa = PBXBuildFile; fileRef = 60CE896B2316CEF200D0F88E /* AppDelegate.swift */; };
		60CE896E2316CEF200D0F88E /* ViewController.swift in Sources */ = {isa = PBXBuildFile; fileRef = 60CE896D2316CEF200D0F88E /* ViewController.swift */; };
		60CE89712316CEF200D0F88E /* Main.storyboard in Resources */ = {isa = PBXBuildFile; fileRef = 60CE896F2316CEF200D0F88E /* Main.storyboard */; };
		60CE89732316CEF300D0F88E /* Assets.xcassets in Resources */ = {isa = PBXBuildFile; fileRef = 60CE89722316CEF300D0F88E /* Assets.xcassets */; };
		60CE89762316CEF300D0F88E /* LaunchScreen.storyboard in Resources */ = {isa = PBXBuildFile; fileRef = 60CE89742316CEF300D0F88E /* LaunchScreen.storyboard */; };
		60CE89812316CEF300D0F88E /* FoodTracke_PT2Tests.swift in Sources */ = {isa = PBXBuildFile; fileRef = 60CE89802316CEF300D0F88E /* FoodTracke_PT2Tests.swift */; };
		60D8EA6823311C9500F9EE58 /* Meal .swift in Sources */ = {isa = PBXBuildFile; fileRef = 60D8EA6723311C9500F9EE58 /* Meal .swift */; };
/* End PBXBuildFile section */

/* Begin PBXContainerItemProxy section */
		60CE897D2316CEF300D0F88E /* PBXContainerItemProxy */ = {
			isa = PBXContainerItemProxy;
			containerPortal = 60CE89602316CEF100D0F88E /* Project object */;
			proxyType = 1;
			remoteGlobalIDString = 60CE89672316CEF200D0F88E;
			remoteInfo = "FoodTracke PT2";
		};
/* End PBXContainerItemProxy section */

/* Begin PBXFileReference section */
		60BF42B4232EF916000892EC /* RatingControl.swift */ = {isa = PBXFileReference; lastKnownFileType = sourcecode.swift; path = RatingControl.swift; sourceTree = "<group>"; };
		60CE89682316CEF200D0F88E /* FoodTracke PT2.app */ = {isa = PBXFileReference; explicitFileType = wrapper.application; includeInIndex = 0; path = "FoodTracke PT2.app"; sourceTree = BUILT_PRODUCTS_DIR; };
		60CE896B2316CEF200D0F88E /* AppDelegate.swift */ = {isa = PBXFileReference; lastKnownFileType = sourcecode.swift; path = AppDelegate.swift; sourceTree = "<group>"; };
		60CE896D2316CEF200D0F88E /* ViewController.swift */ = {isa = PBXFileReference; lastKnownFileType = sourcecode.swift; path = ViewController.swift; sourceTree = "<group>"; };
		60CE89702316CEF200D0F88E /* Base */ = {isa = PBXFileReference; lastKnownFileType = file.storyboard; name = Base; path = Base.lproj/Main.storyboard; sourceTree = "<group>"; };
		60CE89722316CEF300D0F88E /* Assets.xcassets */ = {isa = PBXFileReference; lastKnownFileType = folder.assetcatalog; path = Assets.xcassets; sourceTree = "<group>"; };
		60CE89752316CEF300D0F88E /* Base */ = {isa = PBXFileReference; lastKnownFileType = file.storyboard; name = Base; path = Base.lproj/LaunchScreen.storyboard; sourceTree = "<group>"; };
		60CE89772316CEF300D0F88E /* Info.plist */ = {isa = PBXFileReference; lastKnownFileType = text.plist.xml; path = Info.plist; sourceTree = "<group>"; };
		60CE897C2316CEF300D0F88E /* FoodTracke PT2Tests.xctest */ = {isa = PBXFileReference; explicitFileType = wrapper.cfbundle; includeInIndex = 0; path = "FoodTracke PT2Tests.xctest"; sourceTree = BUILT_PRODUCTS_DIR; };
		60CE89802316CEF300D0F88E /* FoodTracke_PT2Tests.swift */ = {isa = PBXFileReference; lastKnownFileType = sourcecode.swift; path = FoodTracke_PT2Tests.swift; sourceTree = "<group>"; };
		60CE89822316CEF300D0F88E /* Info.plist */ = {isa = PBXFileReference; lastKnownFileType = text.plist.xml; path = Info.plist; sourceTree = "<group>"; };
		60D8EA6723311C9500F9EE58 /* Meal .swift */ = {isa = PBXFileReference; lastKnownFileType = sourcecode.swift; path = "Meal .swift"; sourceTree = "<group>"; };
/* End PBXFileReference section */

/* Begin PBXFrameworksBuildPhase section */
		60CE89652316CEF200D0F88E /* Frameworks */ = {
			isa = PBXFrameworksBuildPhase;
			buildActionMask = 2147483647;
			files = (
			);
			runOnlyForDeploymentPostprocessing = 0;
		};
		60CE89792316CEF300D0F88E /* Frameworks */ = {
			isa = PBXFrameworksBuildPhase;
			buildActionMask = 2147483647;
			files = (
			);
			runOnlyForDeploymentPostprocessing = 0;
		};
/* End PBXFrameworksBuildPhase section */

/* Begin PBXGroup section */
		60CE895F2316CEF100D0F88E = {
			isa = PBXGroup;
			children = (
				60CE896A2316CEF200D0F88E /* FoodTracke PT2 */,
				60CE897F2316CEF300D0F88E /* FoodTracke PT2Tests */,
				60CE89692316CEF200D0F88E /* Products */,
			);
			sourceTree = "<group>";
		};
		60CE89692316CEF200D0F88E /* Products */ = {
			isa = PBXGroup;
			children = (
				60CE89682316CEF200D0F88E /* FoodTracke PT2.app */,
				60CE897C2316CEF300D0F88E /* FoodTracke PT2Tests.xctest */,
			);
			name = Products;
			sourceTree = "<group>";
		};
		60CE896A2316CEF200D0F88E /* FoodTracke PT2 */ = {
			isa = PBXGroup;
			children = (
				60CE896B2316CEF200D0F88E /* AppDelegate.swift */,
				60CE896D2316CEF200D0F88E /* ViewController.swift */,
				60BF42B4232EF916000892EC /* RatingControl.swift */,
				60CE896F2316CEF200D0F88E /* Main.storyboard */,
				60D8EA6723311C9500F9EE58 /* Meal .swift */,
				60CE89722316CEF300D0F88E /* Assets.xcassets */,
				60CE89742316CEF300D0F88E /* LaunchScreen.storyboard */,
				60CE89772316CEF300D0F88E /* Info.plist */,
			);
			path = "FoodTracke PT2";
			sourceTree = "<group>";
		};
		60CE897F2316CEF300D0F88E /* FoodTracke PT2Tests */ = {
			isa = PBXGroup;
			children = (
				60CE89802316CEF300D0F88E /* FoodTracke_PT2Tests.swift */,
				60CE89822316CEF300D0F88E /* Info.plist */,
			);
			path = "FoodTracke PT2Tests";
			sourceTree = "<group>";
		};
/* End PBXGroup section */

/* Begin PBXNativeTarget section */
		60CE89672316CEF200D0F88E /* FoodTracke PT2 */ = {
			isa = PBXNativeTarget;
			buildConfigurationList = 60CE89852316CEF300D0F88E /* Build configuration list for PBXNativeTarget "FoodTracke PT2" */;
			buildPhases = (
				60CE89642316CEF200D0F88E /* Sources */,
				60CE89652316CEF200D0F88E /* Frameworks */,
				60CE89662316CEF200D0F88E /* Resources */,
			);
			buildRules = (
			);
			dependencies = (
			);
			name = "FoodTracke PT2";
			productName = "FoodTracke PT2";
			productReference = 60CE89682316CEF200D0F88E /* FoodTracke PT2.app */;
			productType = "com.apple.product-type.application";
		};
		60CE897B2316CEF300D0F88E /* FoodTracke PT2Tests */ = {
			isa = PBXNativeTarget;
			buildConfigurationList = 60CE89882316CEF300D0F88E /* Build configuration list for PBXNativeTarget "FoodTracke PT2Tests" */;
			buildPhases = (
				60CE89782316CEF300D0F88E /* Sources */,
				60CE89792316CEF300D0F88E /* Frameworks */,
				60CE897A2316CEF300D0F88E /* Resources */,
			);
			buildRules = (
			);
			dependencies = (
				60CE897E2316CEF300D0F88E /* PBXTargetDependency */,
			);
			name = "FoodTracke PT2Tests";
			productName = "FoodTracke PT2Tests";
			productReference = 60CE897C2316CEF300D0F88E /* FoodTracke PT2Tests.xctest */;
			productType = "com.apple.product-type.bundle.unit-test";
		};
/* End PBXNativeTarget section */

/* Begin PBXProject section */
		60CE89602316CEF100D0F88E /* Project object */ = {
			isa = PBXProject;
			attributes = {
				LastSwiftUpdateCheck = 1030;
				LastUpgradeCheck = 1030;
				ORGANIZATIONNAME = "Jordy Vazquez";
				TargetAttributes = {
					60CE89672316CEF200D0F88E = {
						CreatedOnToolsVersion = 10.3;
					};
					60CE897B2316CEF300D0F88E = {
						CreatedOnToolsVersion = 10.3;
						TestTargetID = 60CE89672316CEF200D0F88E;
					};
				};
			};
			buildConfigurationList = 60CE89632316CEF100D0F88E /* Build configuration list for PBXProject "FoodTracke PT2" */;
			compatibilityVersion = "Xcode 9.3";
			developmentRegion = en;
			hasScannedForEncodings = 0;
			knownRegions = (
				en,
				Base,
			);
			mainGroup = 60CE895F2316CEF100D0F88E;
			productRefGroup = 60CE89692316CEF200D0F88E /* Products */;
			projectDirPath = "";
			projectRoot = "";
			targets = (
				60CE89672316CEF200D0F88E /* FoodTracke PT2 */,
				60CE897B2316CEF300D0F88E /* FoodTracke PT2Tests */,
			);
		};
/* End PBXProject section */

/* Begin PBXResourcesBuildPhase section */
		60CE89662316CEF200D0F88E /* Resources */ = {
			isa = PBXResourcesBuildPhase;
			buildActionMask = 2147483647;
			files = (
				60CE89762316CEF300D0F88E /* LaunchScreen.storyboard in Resources */,
				60CE89732316CEF300D0F88E /* Assets.xcassets in Resources */,
				60CE89712316CEF200D0F88E /* Main.storyboard in Resources */,
			);
			runOnlyForDeploymentPostprocessing = 0;
		};
		60CE897A2316CEF300D0F88E /* Resources */ = {
			isa = PBXResourcesBuildPhase;
			buildActionMask = 2147483647;
			files = (
			);
			runOnlyForDeploymentPostprocessing = 0;
		};
/* End PBXResourcesBuildPhase section */

/* Begin PBXSourcesBuildPhase section */
		60CE89642316CEF200D0F88E /* Sources */ = {
			isa = PBXSourcesBuildPhase;
			buildActionMask = 2147483647;
			files = (
				60CE896E2316CEF200D0F88E /* ViewController.swift in Sources */,
				60D8EA6823311C9500F9EE58 /* Meal .swift in Sources */,
				60BF42B5232EF916000892EC /* RatingControl.swift in Sources */,
				60CE896C2316CEF200D0F88E /* AppDelegate.swift in Sources */,
			);
			runOnlyForDeploymentPostprocessing = 0;
		};
		60CE89782316CEF300D0F88E /* Sources */ = {
			isa = PBXSourcesBuildPhase;
			buildActionMask = 2147483647;
			files = (
				60CE89812316CEF300D0F88E /* FoodTracke_PT2Tests.swift in Sources */,
			);
			runOnlyForDeploymentPostprocessing = 0;
		};
/* End PBXSourcesBuildPhase section */

/* Begin PBXTargetDependency section */
		60CE897E2316CEF300D0F88E /* PBXTargetDependency */ = {
			isa = PBXTargetDependency;
			target = 60CE89672316CEF200D0F88E /* FoodTracke PT2 */;
			targetProxy = 60CE897D2316CEF300D0F88E /* PBXContainerItemProxy */;
		};
/* End PBXTargetDependency section */

/* Begin PBXVariantGroup section */
		60CE896F2316CEF200D0F88E /* Main.storyboard */ = {
			isa = PBXVariantGroup;
			children = (
				60CE89702316CEF200D0F88E /* Base */,
			);
			name = Main.storyboard;
			sourceTree = "<group>";
		};
		60CE89742316CEF300D0F88E /* LaunchScreen.storyboard */ = {
			isa = PBXVariantGroup;
			children = (
				60CE89752316CEF300D0F88E /* Base */,
			);
			name = LaunchScreen.storyboard;
			sourceTree = "<group>";
		};
/* End PBXVariantGroup section */

/* Begin XCBuildConfiguration section */
		60CE89832316CEF300D0F88E /* Debug */ = {
			isa = XCBuildConfiguration;
			buildSettings = {
				ALWAYS_SEARCH_USER_PATHS = NO;
				CLANG_ANALYZER_NONNULL = YES;
				CLANG_ANALYZER_NUMBER_OBJECT_CONVERSION = YES_AGGRESSIVE;
				CLANG_CXX_LANGUAGE_STANDARD = "gnu++14";
				CLANG_CXX_LIBRARY = "libc++";
				CLANG_ENABLE_MODULES = YES;
				CLANG_ENABLE_OBJC_ARC = YES;
				CLANG_ENABLE_OBJC_WEAK = YES;
				CLANG_WARN_BLOCK_CAPTURE_AUTORELEASING = YES;
				CLANG_WARN_BOOL_CONVERSION = YES;
				CLANG_WARN_COMMA = YES;
				CLANG_WARN_CONSTANT_CONVERSION = YES;
				CLANG_WARN_DEPRECATED_OBJC_IMPLEMENTATIONS = YES;
				CLANG_WARN_DIRECT_OBJC_ISA_USAGE = YES_ERROR;
				CLANG_WARN_DOCUMENTATION_COMMENTS = YES;
				CLANG_WARN_EMPTY_BODY = YES;
				CLANG_WARN_ENUM_CONVERSION = YES;
				CLANG_WARN_INFINITE_RECURSION = YES;
				CLANG_WARN_INT_CONVERSION = YES;
				CLANG_WARN_NON_LITERAL_NULL_CONVERSION = YES;
				CLANG_WARN_OBJC_IMPLICIT_RETAIN_SELF = YES;
				CLANG_WARN_OBJC_LITERAL_CONVERSION = YES;
				CLANG_WARN_OBJC_ROOT_CLASS = YES_ERROR;
				CLANG_WARN_RANGE_LOOP_ANALYSIS = YES;
				CLANG_WARN_STRICT_PROTOTYPES = YES;
				CLANG_WARN_SUSPICIOUS_MOVE = YES;
				CLANG_WARN_UNGUARDED_AVAILABILITY = YES_AGGRESSIVE;
				CLANG_WARN_UNREACHABLE_CODE = YES;
				CLANG_WARN__DUPLICATE_METHOD_MATCH = YES;
				CODE_SIGN_IDENTITY = "iPhone Developer";
				COPY_PHASE_STRIP = NO;
				DEBUG_INFORMATION_FORMAT = dwarf;
				ENABLE_STRICT_OBJC_MSGSEND = YES;
				ENABLE_TESTABILITY = YES;
				GCC_C_LANGUAGE_STANDARD = gnu11;
				GCC_DYNAMIC_NO_PIC = NO;
				GCC_NO_COMMON_BLOCKS = YES;
				GCC_OPTIMIZATION_LEVEL = 0;
				GCC_PREPROCESSOR_DEFINITIONS = (
					"DEBUG=1",
					"$(inherited)",
				);
				GCC_WARN_64_TO_32_BIT_CONVERSION = YES;
				GCC_WARN_ABOUT_RETURN_TYPE = YES_ERROR;
				GCC_WARN_UNDECLARED_SELECTOR = YES;
				GCC_WARN_UNINITIALIZED_AUTOS = YES_AGGRESSIVE;
				GCC_WARN_UNUSED_FUNCTION = YES;
				GCC_WARN_UNUSED_VARIABLE = YES;
				IPHONEOS_DEPLOYMENT_TARGET = 12.4;
				MTL_ENABLE_DEBUG_INFO = INCLUDE_SOURCE;
				MTL_FAST_MATH = YES;
				ONLY_ACTIVE_ARCH = YES;
				SDKROOT = iphoneos;
				SWIFT_ACTIVE_COMPILATION_CONDITIONS = DEBUG;
				SWIFT_OPTIMIZATION_LEVEL = "-Onone";
			};
			name = Debug;
		};
		60CE89842316CEF300D0F88E /* Release */ = {
			isa = XCBuildConfiguration;
			buildSettings = {
				ALWAYS_SEARCH_USER_PATHS = NO;
				CLANG_ANALYZER_NONNULL = YES;
				CLANG_ANALYZER_NUMBER_OBJECT_CONVERSION = YES_AGGRESSIVE;
				CLANG_CXX_LANGUAGE_STANDARD = "gnu++14";
				CLANG_CXX_LIBRARY = "libc++";
				CLANG_ENABLE_MODULES = YES;
				CLANG_ENABLE_OBJC_ARC = YES;
				CLANG_ENABLE_OBJC_WEAK = YES;
				CLANG_WARN_BLOCK_CAPTURE_AUTORELEASING = YES;
				CLANG_WARN_BOOL_CONVERSION = YES;
				CLANG_WARN_COMMA = YES;
				CLANG_WARN_CONSTANT_CONVERSION = YES;
				CLANG_WARN_DEPRECATED_OBJC_IMPLEMENTATIONS = YES;
				CLANG_WARN_DIRECT_OBJC_ISA_USAGE = YES_ERROR;
				CLANG_WARN_DOCUMENTATION_COMMENTS = YES;
				CLANG_WARN_EMPTY_BODY = YES;
				CLANG_WARN_ENUM_CONVERSION = YES;
				CLANG_WARN_INFINITE_RECURSION = YES;
				CLANG_WARN_INT_CONVERSION = YES;
				CLANG_WARN_NON_LITERAL_NULL_CONVERSION = YES;
				CLANG_WARN_OBJC_IMPLICIT_RETAIN_SELF = YES;
				CLANG_WARN_OBJC_LITERAL_CONVERSION = YES;
				CLANG_WARN_OBJC_ROOT_CLASS = YES_ERROR;
				CLANG_WARN_RANGE_LOOP_ANALYSIS = YES;
				CLANG_WARN_STRICT_PROTOTYPES = YES;
				CLANG_WARN_SUSPICIOUS_MOVE = YES;
				CLANG_WARN_UNGUARDED_AVAILABILITY = YES_AGGRESSIVE;
				CLANG_WARN_UNREACHABLE_CODE = YES;
				CLANG_WARN__DUPLICATE_METHOD_MATCH = YES;
				CODE_SIGN_IDENTITY = "iPhone Developer";
				COPY_PHASE_STRIP = NO;
				DEBUG_INFORMATION_FORMAT = "dwarf-with-dsym";
				ENABLE_NS_ASSERTIONS = NO;
				ENABLE_STRICT_OBJC_MSGSEND = YES;
				GCC_C_LANGUAGE_STANDARD = gnu11;
				GCC_NO_COMMON_BLOCKS = YES;
				GCC_WARN_64_TO_32_BIT_CONVERSION = YES;
				GCC_WARN_ABOUT_RETURN_TYPE = YES_ERROR;
				GCC_WARN_UNDECLARED_SELECTOR = YES;
				GCC_WARN_UNINITIALIZED_AUTOS = YES_AGGRESSIVE;
				GCC_WARN_UNUSED_FUNCTION = YES;
				GCC_WARN_UNUSED_VARIABLE = YES;
				IPHONEOS_DEPLOYMENT_TARGET = 12.4;
				MTL_ENABLE_DEBUG_INFO = NO;
				MTL_FAST_MATH = YES;
				SDKROOT = iphoneos;
				SWIFT_COMPILATION_MODE = wholemodule;
				SWIFT_OPTIMIZATION_LEVEL = "-O";
				VALIDATE_PRODUCT = YES;
			};
			name = Release;
		};
		60CE89862316CEF300D0F88E /* Debug */ = {
			isa = XCBuildConfiguration;
			buildSettings = {
				ASSETCATALOG_COMPILER_APPICON_NAME = AppIcon;
				CODE_SIGN_STYLE = Automatic;
				INFOPLIST_FILE = "FoodTracke PT2/Info.plist";
				LD_RUNPATH_SEARCH_PATHS = (
					"$(inherited)",
					"@executable_path/Frameworks",
				);
				PRODUCT_BUNDLE_IDENTIFIER = "com.jordy.FoodTracke-PT2";
				PRODUCT_NAME = "$(TARGET_NAME)";
				SWIFT_VERSION = 5.0;
				TARGETED_DEVICE_FAMILY = "1,2";
			};
			name = Debug;
		};
		60CE89872316CEF300D0F88E /* Release */ = {
			isa = XCBuildConfiguration;
			buildSettings = {
				ASSETCATALOG_COMPILER_APPICON_NAME = AppIcon;
				CODE_SIGN_STYLE = Automatic;
				INFOPLIST_FILE = "FoodTracke PT2/Info.plist";
				LD_RUNPATH_SEARCH_PATHS = (
					"$(inherited)",
					"@executable_path/Frameworks",
				);
				PRODUCT_BUNDLE_IDENTIFIER = "com.jordy.FoodTracke-PT2";
				PRODUCT_NAME = "$(TARGET_NAME)";
				SWIFT_VERSION = 5.0;
				TARGETED_DEVICE_FAMILY = "1,2";
			};
			name = Release;
		};
		60CE89892316CEF300D0F88E /* Debug */ = {
			isa = XCBuildConfiguration;
			buildSettings = {
				ALWAYS_EMBED_SWIFT_STANDARD_LIBRARIES = YES;
				BUNDLE_LOADER = "$(TEST_HOST)";
				CODE_SIGN_STYLE = Automatic;
				INFOPLIST_FILE = "FoodTracke PT2Tests/Info.plist";
				LD_RUNPATH_SEARCH_PATHS = (
					"$(inherited)",
					"@executable_path/Frameworks",
					"@loader_path/Frameworks",
				);
				PRODUCT_BUNDLE_IDENTIFIER = "com.jordy.FoodTracke-PT2Tests";
				PRODUCT_NAME = "$(TARGET_NAME)";
				SWIFT_VERSION = 5.0;
				TARGETED_DEVICE_FAMILY = "1,2";
				TEST_HOST = "$(BUILT_PRODUCTS_DIR)/FoodTracke PT2.app/FoodTracke PT2";
			};
			name = Debug;
		};
		60CE898A2316CEF300D0F88E /* Release */ = {
			isa = XCBuildConfiguration;
			buildSettings = {
				ALWAYS_EMBED_SWIFT_STANDARD_LIBRARIES = YES;
				BUNDLE_LOADER = "$(TEST_HOST)";
				CODE_SIGN_STYLE = Automatic;
				INFOPLIST_FILE = "FoodTracke PT2Tests/Info.plist";
				LD_RUNPATH_SEARCH_PATHS = (
					"$(inherited)",
					"@executable_path/Frameworks",
					"@loader_path/Frameworks",
				);
				PRODUCT_BUNDLE_IDENTIFIER = "com.jordy.FoodTracke-PT2Tests";
				PRODUCT_NAME = "$(TARGET_NAME)";
				SWIFT_VERSION = 5.0;
				TARGETED_DEVICE_FAMILY = "1,2";
				TEST_HOST = "$(BUILT_PRODUCTS_DIR)/FoodTracke PT2.app/FoodTracke PT2";
			};
			name = Release;
		};
/* End XCBuildConfiguration section */

/* Begin XCConfigurationList section */
		60CE89632316CEF100D0F88E /* Build configuration list for PBXProject "FoodTracke PT2" */ = {
			isa = XCConfigurationList;
			buildConfigurations = (
				60CE89832316CEF300D0F88E /* Debug */,
				60CE89842316CEF300D0F88E /* Release */,
			);
			defaultConfigurationIsVisible = 0;
			defaultConfigurationName = Release;
		};
		60CE89852316CEF300D0F88E /* Build configuration list for PBXNativeTarget "FoodTracke PT2" */ = {
			isa = XCConfigurationList;
			buildConfigurations = (
				60CE89862316CEF300D0F88E /* Debug */,
				60CE89872316CEF300D0F88E /* Release */,
			);
			defaultConfigurationIsVisible = 0;
			defaultConfigurationName = Release;
		};
		60CE89882316CEF300D0F88E /* Build configuration list for PBXNativeTarget "FoodTracke PT2Tests" */ = {
			isa = XCConfigurationList;
			buildConfigurations = (
				60CE89892316CEF300D0F88E /* Debug */,
				60CE898A2316CEF300D0F88E /* Release */,
			);
			defaultConfigurationIsVisible = 0;
			defaultConfigurationName = Release;
		};
/* End XCConfigurationList section */
	};
	rootObject = 60CE89602316CEF100D0F88E /* Project object */;
}
